
Microsoft Visual Studio Solution File, Format Version 12.00
# Visual Studio Version 17
VisualStudioVersion = 17.5.33424.131
MinimumVisualStudioVersion = 10.0.40219.1
Project("{9A19103F-16F7-4668-BE54-9A1E7A4F7556}") = "SimpleLangGui", "SimpleLangGui\SimpleLangGui.csproj", "{36A29F61-3DE2-42CA-8D23-3DE01005C6BB}"
EndProject
Project("{9A19103F-16F7-4668-BE54-9A1E7A4F7556}") = "SimpleLangInterpreter", "SimpleLangInterpreter\SimpleLangInterpreter.csproj", "{FA2ED2F2-B310-4929-BB1F-F4FCD38159E6}"
EndProject
Project("{2150E333-8FDC-42A3-9474-1A3956D46DE8}") = "Tests", "Tests", "{F30497BF-ACDC-4DB0-BFDE-2EEF4D7DFFBD}"
EndProject
Project("{9A19103F-16F7-4668-BE54-9A1E7A4F7556}") = "Test.Unit", "Test.Unit\Test.Unit.csproj", "{D5589E43-8DB7-434E-9BF4-93DF26B1F084}"
EndProject
Project("{C7167F0D-BC9F-4E6E-AFE1-012C56B48DB5}") = "PackaginProject", "PackaginProject\PackaginProject.wapproj", "{935BA598-B717-48FE-B072-71A0685253EB}"
EndProject
Project("{FAE04EC0-301F-11D3-BF4B-00C04F79EFBC}") = "SL.Core", "SL.Core\SL.Core.csproj", "{4D5E1D76-9856-484B-BED0-AF0B45D22F4B}"
EndProject
Project("{FAE04EC0-301F-11D3-BF4B-00C04F79EFBC}") = "SL.Test.Unit", "SL.Test.Unit\SL.Test.Unit.csproj", "{24402885-F756-4B85-96D2-6F49D0448AAF}"
EndProject
Global
	GlobalSection(SolutionConfigurationPlatforms) = preSolution
		Debug|Any CPU = Debug|Any CPU
		Debug|ARM = Debug|ARM
		Debug|ARM32 = Debug|ARM32
		Debug|ARM64 = Debug|ARM64
		Debug|x64 = Debug|x64
		Debug|x86 = Debug|x86
		Release|Any CPU = Release|Any CPU
		Release|ARM = Release|ARM
		Release|ARM32 = Release|ARM32
		Release|ARM64 = Release|ARM64
		Release|x64 = Release|x64
		Release|x86 = Release|x86
	EndGlobalSection
	GlobalSection(ProjectConfigurationPlatforms) = postSolution
		{36A29F61-3DE2-42CA-8D23-3DE01005C6BB}.Debug|Any CPU.ActiveCfg = Debug|Any CPU
		{36A29F61-3DE2-42CA-8D23-3DE01005C6BB}.Debug|Any CPU.Build.0 = Debug|Any CPU
		{36A29F61-3DE2-42CA-8D23-3DE01005C6BB}.Debug|ARM.ActiveCfg = Debug|Any CPU
		{36A29F61-3DE2-42CA-8D23-3DE01005C6BB}.Debug|ARM.Build.0 = Debug|Any CPU
		{36A29F61-3DE2-42CA-8D23-3DE01005C6BB}.Debug|ARM32.ActiveCfg = Debug|ARM32
		{36A29F61-3DE2-42CA-8D23-3DE01005C6BB}.Debug|ARM32.Build.0 = Debug|ARM32
		{36A29F61-3DE2-42CA-8D23-3DE01005C6BB}.Debug|ARM64.ActiveCfg = Debug|Any CPU
		{36A29F61-3DE2-42CA-8D23-3DE01005C6BB}.Debug|ARM64.Build.0 = Debug|Any CPU
		{36A29F61-3DE2-42CA-8D23-3DE01005C6BB}.Debug|x64.ActiveCfg = Debug|Any CPU
		{36A29F61-3DE2-42CA-8D23-3DE01005C6BB}.Debug|x64.Build.0 = Debug|Any CPU
		{36A29F61-3DE2-42CA-8D23-3DE01005C6BB}.Debug|x86.ActiveCfg = Debug|Any CPU
		{36A29F61-3DE2-42CA-8D23-3DE01005C6BB}.Debug|x86.Build.0 = Debug|Any CPU
		{36A29F61-3DE2-42CA-8D23-3DE01005C6BB}.Release|Any CPU.ActiveCfg = Release|Any CPU
		{36A29F61-3DE2-42CA-8D23-3DE01005C6BB}.Release|Any CPU.Build.0 = Release|Any CPU
		{36A29F61-3DE2-42CA-8D23-3DE01005C6BB}.Release|ARM.ActiveCfg = Release|Any CPU
		{36A29F61-3DE2-42CA-8D23-3DE01005C6BB}.Release|ARM.Build.0 = Release|Any CPU
		{36A29F61-3DE2-42CA-8D23-3DE01005C6BB}.Release|ARM32.ActiveCfg = Release|x64
		{36A29F61-3DE2-42CA-8D23-3DE01005C6BB}.Release|ARM32.Build.0 = Release|x64
		{36A29F61-3DE2-42CA-8D23-3DE01005C6BB}.Release|ARM64.ActiveCfg = Release|Any CPU
		{36A29F61-3DE2-42CA-8D23-3DE01005C6BB}.Release|ARM64.Build.0 = Release|Any CPU
		{36A29F61-3DE2-42CA-8D23-3DE01005C6BB}.Release|x64.ActiveCfg = Release|x64
		{36A29F61-3DE2-42CA-8D23-3DE01005C6BB}.Release|x64.Build.0 = Release|x64
		{36A29F61-3DE2-42CA-8D23-3DE01005C6BB}.Release|x86.ActiveCfg = Release|Any CPU
		{36A29F61-3DE2-42CA-8D23-3DE01005C6BB}.Release|x86.Build.0 = Release|Any CPU
		{FA2ED2F2-B310-4929-BB1F-F4FCD38159E6}.Debug|Any CPU.ActiveCfg = Debug|Any CPU
		{FA2ED2F2-B310-4929-BB1F-F4FCD38159E6}.Debug|Any CPU.Build.0 = Debug|Any CPU
		{FA2ED2F2-B310-4929-BB1F-F4FCD38159E6}.Debug|ARM.ActiveCfg = Debug|Any CPU
		{FA2ED2F2-B310-4929-BB1F-F4FCD38159E6}.Debug|ARM.Build.0 = Debug|Any CPU
		{FA2ED2F2-B310-4929-BB1F-F4FCD38159E6}.Debug|ARM32.ActiveCfg = Debug|Any CPU
		{FA2ED2F2-B310-4929-BB1F-F4FCD38159E6}.Debug|ARM32.Build.0 = Debug|Any CPU
		{FA2ED2F2-B310-4929-BB1F-F4FCD38159E6}.Debug|ARM64.ActiveCfg = Debug|Any CPU
		{FA2ED2F2-B310-4929-BB1F-F4FCD38159E6}.Debug|ARM64.Build.0 = Debug|Any CPU
		{FA2ED2F2-B310-4929-BB1F-F4FCD38159E6}.Debug|x64.ActiveCfg = Debug|Any CPU
		{FA2ED2F2-B310-4929-BB1F-F4FCD38159E6}.Debug|x64.Build.0 = Debug|Any CPU
		{FA2ED2F2-B310-4929-BB1F-F4FCD38159E6}.Debug|x86.ActiveCfg = Debug|Any CPU
		{FA2ED2F2-B310-4929-BB1F-F4FCD38159E6}.Debug|x86.Build.0 = Debug|Any CPU
		{FA2ED2F2-B310-4929-BB1F-F4FCD38159E6}.Release|Any CPU.ActiveCfg = Release|Any CPU
		{FA2ED2F2-B310-4929-BB1F-F4FCD38159E6}.Release|Any CPU.Build.0 = Release|Any CPU
		{FA2ED2F2-B310-4929-BB1F-F4FCD38159E6}.Release|ARM.ActiveCfg = Release|Any CPU
		{FA2ED2F2-B310-4929-BB1F-F4FCD38159E6}.Release|ARM.Build.0 = Release|Any CPU
		{FA2ED2F2-B310-4929-BB1F-F4FCD38159E6}.Release|ARM32.ActiveCfg = Release|x64
		{FA2ED2F2-B310-4929-BB1F-F4FCD38159E6}.Release|ARM32.Build.0 = Release|x64
		{FA2ED2F2-B310-4929-BB1F-F4FCD38159E6}.Release|ARM64.ActiveCfg = Release|Any CPU
		{FA2ED2F2-B310-4929-BB1F-F4FCD38159E6}.Release|ARM64.Build.0 = Release|Any CPU
		{FA2ED2F2-B310-4929-BB1F-F4FCD38159E6}.Release|x64.ActiveCfg = Release|x64
		{FA2ED2F2-B310-4929-BB1F-F4FCD38159E6}.Release|x64.Build.0 = Release|x64
		{FA2ED2F2-B310-4929-BB1F-F4FCD38159E6}.Release|x86.ActiveCfg = Release|Any CPU
		{FA2ED2F2-B310-4929-BB1F-F4FCD38159E6}.Release|x86.Build.0 = Release|Any CPU
		{D5589E43-8DB7-434E-9BF4-93DF26B1F084}.Debug|Any CPU.ActiveCfg = Debug|Any CPU
		{D5589E43-8DB7-434E-9BF4-93DF26B1F084}.Debug|Any CPU.Build.0 = Debug|Any CPU
		{D5589E43-8DB7-434E-9BF4-93DF26B1F084}.Debug|ARM.ActiveCfg = Debug|Any CPU
		{D5589E43-8DB7-434E-9BF4-93DF26B1F084}.Debug|ARM.Build.0 = Debug|Any CPU
		{D5589E43-8DB7-434E-9BF4-93DF26B1F084}.Debug|ARM32.ActiveCfg = Debug|Any CPU
		{D5589E43-8DB7-434E-9BF4-93DF26B1F084}.Debug|ARM32.Build.0 = Debug|Any CPU
		{D5589E43-8DB7-434E-9BF4-93DF26B1F084}.Debug|ARM64.ActiveCfg = Debug|Any CPU
		{D5589E43-8DB7-434E-9BF4-93DF26B1F084}.Debug|ARM64.Build.0 = Debug|Any CPU
		{D5589E43-8DB7-434E-9BF4-93DF26B1F084}.Debug|x64.ActiveCfg = Debug|Any CPU
		{D5589E43-8DB7-434E-9BF4-93DF26B1F084}.Debug|x64.Build.0 = Debug|Any CPU
		{D5589E43-8DB7-434E-9BF4-93DF26B1F084}.Debug|x86.ActiveCfg = Debug|Any CPU
		{D5589E43-8DB7-434E-9BF4-93DF26B1F084}.Debug|x86.Build.0 = Debug|Any CPU
		{D5589E43-8DB7-434E-9BF4-93DF26B1F084}.Release|Any CPU.ActiveCfg = Release|Any CPU
		{D5589E43-8DB7-434E-9BF4-93DF26B1F084}.Release|Any CPU.Build.0 = Release|Any CPU
		{D5589E43-8DB7-434E-9BF4-93DF26B1F084}.Release|ARM.ActiveCfg = Release|Any CPU
		{D5589E43-8DB7-434E-9BF4-93DF26B1F084}.Release|ARM.Build.0 = Release|Any CPU
		{D5589E43-8DB7-434E-9BF4-93DF26B1F084}.Release|ARM32.ActiveCfg = Release|x64
		{D5589E43-8DB7-434E-9BF4-93DF26B1F084}.Release|ARM32.Build.0 = Release|x64
		{D5589E43-8DB7-434E-9BF4-93DF26B1F084}.Release|ARM64.ActiveCfg = Release|Any CPU
		{D5589E43-8DB7-434E-9BF4-93DF26B1F084}.Release|ARM64.Build.0 = Release|Any CPU
		{D5589E43-8DB7-434E-9BF4-93DF26B1F084}.Release|x64.ActiveCfg = Release|x64
		{D5589E43-8DB7-434E-9BF4-93DF26B1F084}.Release|x64.Build.0 = Release|x64
		{D5589E43-8DB7-434E-9BF4-93DF26B1F084}.Release|x86.ActiveCfg = Release|Any CPU
		{D5589E43-8DB7-434E-9BF4-93DF26B1F084}.Release|x86.Build.0 = Release|Any CPU
		{935BA598-B717-48FE-B072-71A0685253EB}.Debug|Any CPU.ActiveCfg = Debug|Any CPU
		{935BA598-B717-48FE-B072-71A0685253EB}.Debug|Any CPU.Build.0 = Debug|Any CPU
		{935BA598-B717-48FE-B072-71A0685253EB}.Debug|Any CPU.Deploy.0 = Debug|Any CPU
		{935BA598-B717-48FE-B072-71A0685253EB}.Debug|ARM.ActiveCfg = Debug|ARM
		{935BA598-B717-48FE-B072-71A0685253EB}.Debug|ARM.Build.0 = Debug|ARM
		{935BA598-B717-48FE-B072-71A0685253EB}.Debug|ARM.Deploy.0 = Debug|ARM
		{935BA598-B717-48FE-B072-71A0685253EB}.Debug|ARM32.ActiveCfg = Debug|Any CPU
		{935BA598-B717-48FE-B072-71A0685253EB}.Debug|ARM32.Build.0 = Debug|Any CPU
		{935BA598-B717-48FE-B072-71A0685253EB}.Debug|ARM32.Deploy.0 = Debug|Any CPU
		{935BA598-B717-48FE-B072-71A0685253EB}.Debug|ARM64.ActiveCfg = Debug|ARM64
		{935BA598-B717-48FE-B072-71A0685253EB}.Debug|ARM64.Build.0 = Debug|ARM64
		{935BA598-B717-48FE-B072-71A0685253EB}.Debug|ARM64.Deploy.0 = Debug|ARM64
		{935BA598-B717-48FE-B072-71A0685253EB}.Debug|x64.ActiveCfg = Debug|x64
		{935BA598-B717-48FE-B072-71A0685253EB}.Debug|x64.Build.0 = Debug|x64
		{935BA598-B717-48FE-B072-71A0685253EB}.Debug|x64.Deploy.0 = Debug|x64
		{935BA598-B717-48FE-B072-71A0685253EB}.Debug|x86.ActiveCfg = Debug|x86
		{935BA598-B717-48FE-B072-71A0685253EB}.Debug|x86.Build.0 = Debug|x86
		{935BA598-B717-48FE-B072-71A0685253EB}.Debug|x86.Deploy.0 = Debug|x86
		{935BA598-B717-48FE-B072-71A0685253EB}.Release|Any CPU.ActiveCfg = Release|Any CPU
		{935BA598-B717-48FE-B072-71A0685253EB}.Release|Any CPU.Build.0 = Release|Any CPU
		{935BA598-B717-48FE-B072-71A0685253EB}.Release|Any CPU.Deploy.0 = Release|Any CPU
		{935BA598-B717-48FE-B072-71A0685253EB}.Release|ARM.ActiveCfg = Release|ARM
		{935BA598-B717-48FE-B072-71A0685253EB}.Release|ARM.Build.0 = Release|ARM
		{935BA598-B717-48FE-B072-71A0685253EB}.Release|ARM.Deploy.0 = Release|ARM
		{935BA598-B717-48FE-B072-71A0685253EB}.Release|ARM32.ActiveCfg = Release|x64
		{935BA598-B717-48FE-B072-71A0685253EB}.Release|ARM32.Build.0 = Release|x64
		{935BA598-B717-48FE-B072-71A0685253EB}.Release|ARM32.Deploy.0 = Release|x64
		{935BA598-B717-48FE-B072-71A0685253EB}.Release|ARM64.ActiveCfg = Release|ARM64
		{935BA598-B717-48FE-B072-71A0685253EB}.Release|ARM64.Build.0 = Release|ARM64
		{935BA598-B717-48FE-B072-71A0685253EB}.Release|ARM64.Deploy.0 = Release|ARM64
		{935BA598-B717-48FE-B072-71A0685253EB}.Release|x64.ActiveCfg = Release|x64
		{935BA598-B717-48FE-B072-71A0685253EB}.Release|x64.Build.0 = Release|x64
		{935BA598-B717-48FE-B072-71A0685253EB}.Release|x64.Deploy.0 = Release|x64
		{935BA598-B717-48FE-B072-71A0685253EB}.Release|x86.ActiveCfg = Release|x86
		{935BA598-B717-48FE-B072-71A0685253EB}.Release|x86.Build.0 = Release|x86
		{935BA598-B717-48FE-B072-71A0685253EB}.Release|x86.Deploy.0 = Release|x86
		{4D5E1D76-9856-484B-BED0-AF0B45D22F4B}.Debug|Any CPU.ActiveCfg = Debug|Any CPU
		{4D5E1D76-9856-484B-BED0-AF0B45D22F4B}.Debug|Any CPU.Build.0 = Debug|Any CPU
		{4D5E1D76-9856-484B-BED0-AF0B45D22F4B}.Debug|ARM.ActiveCfg = Debug|Any CPU
		{4D5E1D76-9856-484B-BED0-AF0B45D22F4B}.Debug|ARM.Build.0 = Debug|Any CPU
		{4D5E1D76-9856-484B-BED0-AF0B45D22F4B}.Debug|ARM32.ActiveCfg = Debug|Any CPU
		{4D5E1D76-9856-484B-BED0-AF0B45D22F4B}.Debug|ARM32.Build.0 = Debug|Any CPU
		{4D5E1D76-9856-484B-BED0-AF0B45D22F4B}.Debug|ARM64.ActiveCfg = Debug|Any CPU
		{4D5E1D76-9856-484B-BED0-AF0B45D22F4B}.Debug|ARM64.Build.0 = Debug|Any CPU
		{4D5E1D76-9856-484B-BED0-AF0B45D22F4B}.Debug|x64.ActiveCfg = Debug|Any CPU
		{4D5E1D76-9856-484B-BED0-AF0B45D22F4B}.Debug|x64.Build.0 = Debug|Any CPU
		{4D5E1D76-9856-484B-BED0-AF0B45D22F4B}.Debug|x86.ActiveCfg = Debug|Any CPU
		{4D5E1D76-9856-484B-BED0-AF0B45D22F4B}.Debug|x86.Build.0 = Debug|Any CPU
		{4D5E1D76-9856-484B-BED0-AF0B45D22F4B}.Release|Any CPU.ActiveCfg = Release|Any CPU
		{4D5E1D76-9856-484B-BED0-AF0B45D22F4B}.Release|Any CPU.Build.0 = Release|Any CPU
		{4D5E1D76-9856-484B-BED0-AF0B45D22F4B}.Release|ARM.ActiveCfg = Release|Any CPU
		{4D5E1D76-9856-484B-BED0-AF0B45D22F4B}.Release|ARM.Build.0 = Release|Any CPU
		{4D5E1D76-9856-484B-BED0-AF0B45D22F4B}.Release|ARM32.ActiveCfg = Release|Any CPU
		{4D5E1D76-9856-484B-BED0-AF0B45D22F4B}.Release|ARM32.Build.0 = Release|Any CPU
		{4D5E1D76-9856-484B-BED0-AF0B45D22F4B}.Release|ARM64.ActiveCfg = Release|Any CPU
		{4D5E1D76-9856-484B-BED0-AF0B45D22F4B}.Release|ARM64.Build.0 = Release|Any CPU
		{4D5E1D76-9856-484B-BED0-AF0B45D22F4B}.Release|x64.ActiveCfg = Release|Any CPU
		{4D5E1D76-9856-484B-BED0-AF0B45D22F4B}.Release|x64.Build.0 = Release|Any CPU
		{4D5E1D76-9856-484B-BED0-AF0B45D22F4B}.Release|x86.ActiveCfg = Release|Any CPU
		{4D5E1D76-9856-484B-BED0-AF0B45D22F4B}.Release|x86.Build.0 = Release|Any CPU
		{24402885-F756-4B85-96D2-6F49D0448AAF}.Debug|Any CPU.ActiveCfg = Debug|Any CPU
		{24402885-F756-4B85-96D2-6F49D0448AAF}.Debug|Any CPU.Build.0 = Debug|Any CPU
		{24402885-F756-4B85-96D2-6F49D0448AAF}.Debug|ARM.ActiveCfg = Debug|Any CPU
		{24402885-F756-4B85-96D2-6F49D0448AAF}.Debug|ARM.Build.0 = Debug|Any CPU
		{24402885-F756-4B85-96D2-6F49D0448AAF}.Debug|ARM32.ActiveCfg = Debug|Any CPU
		{24402885-F756-4B85-96D2-6F49D0448AAF}.Debug|ARM32.Build.0 = Debug|Any CPU
		{24402885-F756-4B85-96D2-6F49D0448AAF}.Debug|ARM64.ActiveCfg = Debug|Any CPU
		{24402885-F756-4B85-96D2-6F49D0448AAF}.Debug|ARM64.Build.0 = Debug|Any CPU
		{24402885-F756-4B85-96D2-6F49D0448AAF}.Debug|x64.ActiveCfg = Debug|Any CPU
		{24402885-F756-4B85-96D2-6F49D0448AAF}.Debug|x64.Build.0 = Debug|Any CPU
		{24402885-F756-4B85-96D2-6F49D0448AAF}.Debug|x86.ActiveCfg = Debug|Any CPU
		{24402885-F756-4B85-96D2-6F49D0448AAF}.Debug|x86.Build.0 = Debug|Any CPU
		{24402885-F756-4B85-96D2-6F49D0448AAF}.Release|Any CPU.ActiveCfg = Release|Any CPU
		{24402885-F756-4B85-96D2-6F49D0448AAF}.Release|Any CPU.Build.0 = Release|Any CPU
		{24402885-F756-4B85-96D2-6F49D0448AAF}.Release|ARM.ActiveCfg = Release|Any CPU
		{24402885-F756-4B85-96D2-6F49D0448AAF}.Release|ARM.Build.0 = Release|Any CPU
		{24402885-F756-4B85-96D2-6F49D0448AAF}.Release|ARM32.ActiveCfg = Release|Any CPU
		{24402885-F756-4B85-96D2-6F49D0448AAF}.Release|ARM32.Build.0 = Release|Any CPU
		{24402885-F756-4B85-96D2-6F49D0448AAF}.Release|ARM64.ActiveCfg = Release|Any CPU
		{24402885-F756-4B85-96D2-6F49D0448AAF}.Release|ARM64.Build.0 = Release|Any CPU
		{24402885-F756-4B85-96D2-6F49D0448AAF}.Release|x64.ActiveCfg = Release|Any CPU
		{24402885-F756-4B85-96D2-6F49D0448AAF}.Release|x64.Build.0 = Release|Any CPU
		{24402885-F756-4B85-96D2-6F49D0448AAF}.Release|x86.ActiveCfg = Release|Any CPU
		{24402885-F756-4B85-96D2-6F49D0448AAF}.Release|x86.Build.0 = Release|Any CPU
	EndGlobalSection
	GlobalSection(SolutionProperties) = preSolution
		HideSolutionNode = FALSE
	EndGlobalSection
	GlobalSection(NestedProjects) = preSolution
		{D5589E43-8DB7-434E-9BF4-93DF26B1F084} = {F30497BF-ACDC-4DB0-BFDE-2EEF4D7DFFBD}
		{24402885-F756-4B85-96D2-6F49D0448AAF} = {F30497BF-ACDC-4DB0-BFDE-2EEF4D7DFFBD}
	EndGlobalSection
	GlobalSection(ExtensibilityGlobals) = postSolution
		SolutionGuid = {2C5AD186-F80C-4DA5-9084-941D08498509}
	EndGlobalSection
EndGlobal
