
Microsoft Visual Studio Solution File, Format Version 12.00
Project("{FAE04EC0-301F-11D3-BF4B-00C04F79EFBC}") = "SimpleLangGui", "SimpleLangGui\SimpleLangGui.csproj", "{36A29F61-3DE2-42CA-8D23-3DE01005C6BB}"
EndProject
Project("{FAE04EC0-301F-11D3-BF4B-00C04F79EFBC}") = "SimpleLangInterpreter", "SimpleLangInterpreter\SimpleLangInterpreter.csproj", "{FA2ED2F2-B310-4929-BB1F-F4FCD38159E6}"
EndProject
Global
	GlobalSection(SolutionConfigurationPlatforms) = preSolution
		Debug|Any CPU = Debug|Any CPU
		Release|Any CPU = Release|Any CPU
	EndGlobalSection
	GlobalSection(ProjectConfigurationPlatforms) = postSolution
		{36A29F61-3DE2-42CA-8D23-3DE01005C6BB}.Debug|Any CPU.ActiveCfg = Debug|Any CPU
		{36A29F61-3DE2-42CA-8D23-3DE01005C6BB}.Debug|Any CPU.Build.0 = Debug|Any CPU
		{36A29F61-3DE2-42CA-8D23-3DE01005C6BB}.Release|Any CPU.ActiveCfg = Release|Any CPU
		{36A29F61-3DE2-42CA-8D23-3DE01005C6BB}.Release|Any CPU.Build.0 = Release|Any CPU
		{FA2ED2F2-B310-4929-BB1F-F4FCD38159E6}.Debug|Any CPU.ActiveCfg = Debug|Any CPU
		{FA2ED2F2-B310-4929-BB1F-F4FCD38159E6}.Debug|Any CPU.Build.0 = Debug|Any CPU
		{FA2ED2F2-B310-4929-BB1F-F4FCD38159E6}.Release|Any CPU.ActiveCfg = Release|Any CPU
		{FA2ED2F2-B310-4929-BB1F-F4FCD38159E6}.Release|Any CPU.Build.0 = Release|Any CPU
	EndGlobalSection
EndGlobal
